// !$*UTF8*$!
{
	archiveVersion = 1;
	classes = {
	};
	objectVersion = 50;
	objects = {

/* Begin PBXBuildFile section */
		C0041107219F00FC00BB2D80 /* main.cpp in Sources */ = {isa = PBXBuildFile; fileRef = C0041106219F00FC00BB2D80 /* main.cpp */; };
		C0041112219F0B1100BB2D80 /* main.cpp in Sources */ = {isa = PBXBuildFile; fileRef = C0041111219F0B1100BB2D80 /* main.cpp */; };
		C00DFCA221AACF3200E21FAF /* main.cpp in Sources */ = {isa = PBXBuildFile; fileRef = C00DFCA121AACF3200E21FAF /* main.cpp */; };
		C0162B112195B95B00B5B0D1 /* main.cpp in Sources */ = {isa = PBXBuildFile; fileRef = C0162B102195B95B00B5B0D1 /* main.cpp */; };
		C054C0522196F933000D450A /* main.cpp in Sources */ = {isa = PBXBuildFile; fileRef = C054C0512196F933000D450A /* main.cpp */; };
		C054C05D2196FF38000D450A /* main.cpp in Sources */ = {isa = PBXBuildFile; fileRef = C054C05C2196FF38000D450A /* main.cpp */; };
		C0EC7F7B219DC40B000123FC /* main.cpp in Sources */ = {isa = PBXBuildFile; fileRef = C0EC7F7A219DC40B000123FC /* main.cpp */; };
		C0EDEDEE219C6B010011365F /* main.cpp in Sources */ = {isa = PBXBuildFile; fileRef = C0EDEDED219C6B010011365F /* main.cpp */; };
		C0F01CC521985D9700D44459 /* main.cpp in Sources */ = {isa = PBXBuildFile; fileRef = C0F01CC421985D9700D44459 /* main.cpp */; };
		C0FDB22521A45D6F0083FD61 /* main.cpp in Sources */ = {isa = PBXBuildFile; fileRef = C0FDB22421A45D6F0083FD61 /* main.cpp */; };
		C0FEA52B21A16E9A0071A686 /* main.cpp in Sources */ = {isa = PBXBuildFile; fileRef = C0FEA52A21A16E9A0071A686 /* main.cpp */; };
		C0FEA53621A1710A0071A686 /* main.cpp in Sources */ = {isa = PBXBuildFile; fileRef = C0FEA53521A1710A0071A686 /* main.cpp */; };
/* End PBXBuildFile section */

/* Begin PBXCopyFilesBuildPhase section */
		C0041102219F00FC00BB2D80 /* CopyFiles */ = {
			isa = PBXCopyFilesBuildPhase;
			buildActionMask = 2147483647;
			dstPath = /usr/share/man/man1/;
			dstSubfolderSpec = 0;
			files = (
			);
			runOnlyForDeploymentPostprocessing = 1;
		};
		C004110D219F0B1100BB2D80 /* CopyFiles */ = {
			isa = PBXCopyFilesBuildPhase;
			buildActionMask = 2147483647;
			dstPath = /usr/share/man/man1/;
			dstSubfolderSpec = 0;
			files = (
			);
			runOnlyForDeploymentPostprocessing = 1;
		};
		C00DFC9D21AACF3200E21FAF /* CopyFiles */ = {
			isa = PBXCopyFilesBuildPhase;
			buildActionMask = 2147483647;
			dstPath = /usr/share/man/man1/;
			dstSubfolderSpec = 0;
			files = (
			);
			runOnlyForDeploymentPostprocessing = 1;
		};
		C0162B0B2195B95B00B5B0D1 /* CopyFiles */ = {
			isa = PBXCopyFilesBuildPhase;
			buildActionMask = 2147483647;
			dstPath = /usr/share/man/man1/;
			dstSubfolderSpec = 0;
			files = (
			);
			runOnlyForDeploymentPostprocessing = 1;
		};
		C054C04D2196F933000D450A /* CopyFiles */ = {
			isa = PBXCopyFilesBuildPhase;
			buildActionMask = 2147483647;
			dstPath = /usr/share/man/man1/;
			dstSubfolderSpec = 0;
			files = (
			);
			runOnlyForDeploymentPostprocessing = 1;
		};
		C054C0582196FF38000D450A /* CopyFiles */ = {
			isa = PBXCopyFilesBuildPhase;
			buildActionMask = 2147483647;
			dstPath = /usr/share/man/man1/;
			dstSubfolderSpec = 0;
			files = (
			);
			runOnlyForDeploymentPostprocessing = 1;
		};
		C0EC7F76219DC40B000123FC /* CopyFiles */ = {
			isa = PBXCopyFilesBuildPhase;
			buildActionMask = 2147483647;
			dstPath = /usr/share/man/man1/;
			dstSubfolderSpec = 0;
			files = (
			);
			runOnlyForDeploymentPostprocessing = 1;
		};
		C0EDEDE9219C6B010011365F /* CopyFiles */ = {
			isa = PBXCopyFilesBuildPhase;
			buildActionMask = 2147483647;
			dstPath = /usr/share/man/man1/;
			dstSubfolderSpec = 0;
			files = (
			);
			runOnlyForDeploymentPostprocessing = 1;
		};
		C0F01CC021985D9700D44459 /* CopyFiles */ = {
			isa = PBXCopyFilesBuildPhase;
			buildActionMask = 2147483647;
			dstPath = /usr/share/man/man1/;
			dstSubfolderSpec = 0;
			files = (
			);
			runOnlyForDeploymentPostprocessing = 1;
		};
		C0FDB22021A45D6F0083FD61 /* CopyFiles */ = {
			isa = PBXCopyFilesBuildPhase;
			buildActionMask = 2147483647;
			dstPath = /usr/share/man/man1/;
			dstSubfolderSpec = 0;
			files = (
			);
			runOnlyForDeploymentPostprocessing = 1;
		};
		C0FEA52621A16E9A0071A686 /* CopyFiles */ = {
			isa = PBXCopyFilesBuildPhase;
			buildActionMask = 2147483647;
			dstPath = /usr/share/man/man1/;
			dstSubfolderSpec = 0;
			files = (
			);
			runOnlyForDeploymentPostprocessing = 1;
		};
		C0FEA53121A1710A0071A686 /* CopyFiles */ = {
			isa = PBXCopyFilesBuildPhase;
			buildActionMask = 2147483647;
			dstPath = /usr/share/man/man1/;
			dstSubfolderSpec = 0;
			files = (
			);
			runOnlyForDeploymentPostprocessing = 1;
		};
/* End PBXCopyFilesBuildPhase section */

/* Begin PBXFileReference section */
		C0041104219F00FC00BB2D80 /* TwoSum-Differenceequalstotarget */ = {isa = PBXFileReference; explicitFileType = "compiled.mach-o.executable"; includeInIndex = 0; path = "TwoSum-Differenceequalstotarget"; sourceTree = BUILT_PRODUCTS_DIR; };
		C0041106219F00FC00BB2D80 /* main.cpp */ = {isa = PBXFileReference; lastKnownFileType = sourcecode.cpp.cpp; path = main.cpp; sourceTree = "<group>"; };
		C004110F219F0B1100BB2D80 /* MiddleofLinkedList */ = {isa = PBXFileReference; explicitFileType = "compiled.mach-o.executable"; includeInIndex = 0; path = MiddleofLinkedList; sourceTree = BUILT_PRODUCTS_DIR; };
		C0041111219F0B1100BB2D80 /* main.cpp */ = {isa = PBXFileReference; lastKnownFileType = sourcecode.cpp.cpp; path = main.cpp; sourceTree = "<group>"; };
		C00DFC9F21AACF3200E21FAF /* RainBowSort */ = {isa = PBXFileReference; explicitFileType = "compiled.mach-o.executable"; includeInIndex = 0; path = RainBowSort; sourceTree = BUILT_PRODUCTS_DIR; };
		C00DFCA121AACF3200E21FAF /* main.cpp */ = {isa = PBXFileReference; lastKnownFileType = sourcecode.cpp.cpp; path = main.cpp; sourceTree = "<group>"; };
		C0162B0D2195B95B00B5B0D1 /* LintCode */ = {isa = PBXFileReference; explicitFileType = "compiled.mach-o.executable"; includeInIndex = 0; path = LintCode; sourceTree = BUILT_PRODUCTS_DIR; };
		C0162B102195B95B00B5B0D1 /* main.cpp */ = {isa = PBXFileReference; lastKnownFileType = sourcecode.cpp.cpp; path = main.cpp; sourceTree = "<group>"; };
		C054C04F2196F933000D450A /* KMP */ = {isa = PBXFileReference; explicitFileType = "compiled.mach-o.executable"; includeInIndex = 0; path = KMP; sourceTree = BUILT_PRODUCTS_DIR; };
		C054C0512196F933000D450A /* main.cpp */ = {isa = PBXFileReference; lastKnownFileType = sourcecode.cpp.cpp; path = main.cpp; sourceTree = "<group>"; };
		C054C05A2196FF38000D450A /* ValidPalindrome */ = {isa = PBXFileReference; explicitFileType = "compiled.mach-o.executable"; includeInIndex = 0; path = ValidPalindrome; sourceTree = BUILT_PRODUCTS_DIR; };
		C054C05C2196FF38000D450A /* main.cpp */ = {isa = PBXFileReference; lastKnownFileType = sourcecode.cpp.cpp; path = main.cpp; sourceTree = "<group>"; };
		C0EC7F78219DC40B000123FC /* TwoSum */ = {isa = PBXFileReference; explicitFileType = "compiled.mach-o.executable"; includeInIndex = 0; path = TwoSum; sourceTree = BUILT_PRODUCTS_DIR; };
		C0EC7F7A219DC40B000123FC /* main.cpp */ = {isa = PBXFileReference; lastKnownFileType = sourcecode.cpp.cpp; path = main.cpp; sourceTree = "<group>"; };
		C0EDEDEB219C6B010011365F /* LongestPalindromicSubsequence */ = {isa = PBXFileReference; explicitFileType = "compiled.mach-o.executable"; includeInIndex = 0; path = LongestPalindromicSubsequence; sourceTree = BUILT_PRODUCTS_DIR; };
		C0EDEDED219C6B010011365F /* main.cpp */ = {isa = PBXFileReference; lastKnownFileType = sourcecode.cpp.cpp; path = main.cpp; sourceTree = "<group>"; };
		C0F01CC221985D9700D44459 /* LongestPalindromicSubstring */ = {isa = PBXFileReference; explicitFileType = "compiled.mach-o.executable"; includeInIndex = 0; path = LongestPalindromicSubstring; sourceTree = BUILT_PRODUCTS_DIR; };
		C0F01CC421985D9700D44459 /* main.cpp */ = {isa = PBXFileReference; lastKnownFileType = sourcecode.cpp.cpp; path = main.cpp; sourceTree = "<group>"; };
		C0FDB22221A45D6F0083FD61 /* FastPower */ = {isa = PBXFileReference; explicitFileType = "compiled.mach-o.executable"; includeInIndex = 0; path = FastPower; sourceTree = BUILT_PRODUCTS_DIR; };
		C0FDB22421A45D6F0083FD61 /* main.cpp */ = {isa = PBXFileReference; lastKnownFileType = sourcecode.cpp.cpp; path = main.cpp; sourceTree = "<group>"; };
		C0FEA52821A16E9A0071A686 /* MaximumNumberinMountainSequence */ = {isa = PBXFileReference; explicitFileType = "compiled.mach-o.executable"; includeInIndex = 0; path = MaximumNumberinMountainSequence; sourceTree = BUILT_PRODUCTS_DIR; };
		C0FEA52A21A16E9A0071A686 /* main.cpp */ = {isa = PBXFileReference; lastKnownFileType = sourcecode.cpp.cpp; path = main.cpp; sourceTree = "<group>"; };
		C0FEA53321A1710A0071A686 /* FindKClosestElements */ = {isa = PBXFileReference; explicitFileType = "compiled.mach-o.executable"; includeInIndex = 0; path = FindKClosestElements; sourceTree = BUILT_PRODUCTS_DIR; };
		C0FEA53521A1710A0071A686 /* main.cpp */ = {isa = PBXFileReference; lastKnownFileType = sourcecode.cpp.cpp; path = main.cpp; sourceTree = "<group>"; };
/* End PBXFileReference section */

/* Begin PBXFrameworksBuildPhase section */
		C0041101219F00FC00BB2D80 /* Frameworks */ = {
			isa = PBXFrameworksBuildPhase;
			buildActionMask = 2147483647;
			files = (
			);
			runOnlyForDeploymentPostprocessing = 0;
		};
		C004110C219F0B1100BB2D80 /* Frameworks */ = {
			isa = PBXFrameworksBuildPhase;
			buildActionMask = 2147483647;
			files = (
			);
			runOnlyForDeploymentPostprocessing = 0;
		};
		C00DFC9C21AACF3200E21FAF /* Frameworks */ = {
			isa = PBXFrameworksBuildPhase;
			buildActionMask = 2147483647;
			files = (
			);
			runOnlyForDeploymentPostprocessing = 0;
		};
		C0162B0A2195B95B00B5B0D1 /* Frameworks */ = {
			isa = PBXFrameworksBuildPhase;
			buildActionMask = 2147483647;
			files = (
			);
			runOnlyForDeploymentPostprocessing = 0;
		};
		C054C04C2196F933000D450A /* Frameworks */ = {
			isa = PBXFrameworksBuildPhase;
			buildActionMask = 2147483647;
			files = (
			);
			runOnlyForDeploymentPostprocessing = 0;
		};
		C054C0572196FF38000D450A /* Frameworks */ = {
			isa = PBXFrameworksBuildPhase;
			buildActionMask = 2147483647;
			files = (
			);
			runOnlyForDeploymentPostprocessing = 0;
		};
		C0EC7F75219DC40B000123FC /* Frameworks */ = {
			isa = PBXFrameworksBuildPhase;
			buildActionMask = 2147483647;
			files = (
			);
			runOnlyForDeploymentPostprocessing = 0;
		};
		C0EDEDE8219C6B010011365F /* Frameworks */ = {
			isa = PBXFrameworksBuildPhase;
			buildActionMask = 2147483647;
			files = (
			);
			runOnlyForDeploymentPostprocessing = 0;
		};
		C0F01CBF21985D9700D44459 /* Frameworks */ = {
			isa = PBXFrameworksBuildPhase;
			buildActionMask = 2147483647;
			files = (
			);
			runOnlyForDeploymentPostprocessing = 0;
		};
		C0FDB21F21A45D6F0083FD61 /* Frameworks */ = {
			isa = PBXFrameworksBuildPhase;
			buildActionMask = 2147483647;
			files = (
			);
			runOnlyForDeploymentPostprocessing = 0;
		};
		C0FEA52521A16E9A0071A686 /* Frameworks */ = {
			isa = PBXFrameworksBuildPhase;
			buildActionMask = 2147483647;
			files = (
			);
			runOnlyForDeploymentPostprocessing = 0;
		};
		C0FEA53021A1710A0071A686 /* Frameworks */ = {
			isa = PBXFrameworksBuildPhase;
			buildActionMask = 2147483647;
			files = (
			);
			runOnlyForDeploymentPostprocessing = 0;
		};
/* End PBXFrameworksBuildPhase section */

/* Begin PBXGroup section */
		C0041105219F00FC00BB2D80 /* TwoSum-Differenceequalstotarget */ = {
			isa = PBXGroup;
			children = (
				C0041106219F00FC00BB2D80 /* main.cpp */,
			);
			path = "TwoSum-Differenceequalstotarget";
			sourceTree = "<group>";
		};
		C0041110219F0B1100BB2D80 /* MiddleofLinkedList */ = {
			isa = PBXGroup;
			children = (
				C0041111219F0B1100BB2D80 /* main.cpp */,
			);
			path = MiddleofLinkedList;
			sourceTree = "<group>";
		};
		C00DFCA021AACF3200E21FAF /* RainBowSort */ = {
			isa = PBXGroup;
			children = (
				C00DFCA121AACF3200E21FAF /* main.cpp */,
			);
			path = RainBowSort;
			sourceTree = "<group>";
		};
		C0162B042195B95B00B5B0D1 = {
			isa = PBXGroup;
			children = (
				C0162B0F2195B95B00B5B0D1 /* LintCode */,
				C054C0502196F933000D450A /* KMP */,
				C054C05B2196FF38000D450A /* ValidPalindrome */,
				C0F01CC321985D9700D44459 /* LongestPalindromicSubstring */,
				C0EDEDEC219C6B010011365F /* LongestPalindromicSubsequence */,
				C0EC7F79219DC40B000123FC /* TwoSum */,
				C0041105219F00FC00BB2D80 /* TwoSum-Differenceequalstotarget */,
				C0041110219F0B1100BB2D80 /* MiddleofLinkedList */,
				C0FEA52921A16E9A0071A686 /* MaximumNumberinMountainSequence */,
				C0FEA53421A1710A0071A686 /* FindKClosestElements */,
				C0FDB22321A45D6F0083FD61 /* FastPower */,
				C00DFCA021AACF3200E21FAF /* RainBowSort */,
				C0162B0E2195B95B00B5B0D1 /* Products */,
			);
			sourceTree = "<group>";
		};
		C0162B0E2195B95B00B5B0D1 /* Products */ = {
			isa = PBXGroup;
			children = (
				C0162B0D2195B95B00B5B0D1 /* LintCode */,
				C054C04F2196F933000D450A /* KMP */,
				C054C05A2196FF38000D450A /* ValidPalindrome */,
				C0F01CC221985D9700D44459 /* LongestPalindromicSubstring */,
				C0EDEDEB219C6B010011365F /* LongestPalindromicSubsequence */,
				C0EC7F78219DC40B000123FC /* TwoSum */,
				C0041104219F00FC00BB2D80 /* TwoSum-Differenceequalstotarget */,
				C004110F219F0B1100BB2D80 /* MiddleofLinkedList */,
				C0FEA52821A16E9A0071A686 /* MaximumNumberinMountainSequence */,
				C0FEA53321A1710A0071A686 /* FindKClosestElements */,
				C0FDB22221A45D6F0083FD61 /* FastPower */,
				C00DFC9F21AACF3200E21FAF /* RainBowSort */,
			);
			name = Products;
			sourceTree = "<group>";
		};
		C0162B0F2195B95B00B5B0D1 /* LintCode */ = {
			isa = PBXGroup;
			children = (
				C0162B102195B95B00B5B0D1 /* main.cpp */,
			);
			path = LintCode;
			sourceTree = "<group>";
		};
		C054C0502196F933000D450A /* KMP */ = {
			isa = PBXGroup;
			children = (
				C054C0512196F933000D450A /* main.cpp */,
			);
			path = KMP;
			sourceTree = "<group>";
		};
		C054C05B2196FF38000D450A /* ValidPalindrome */ = {
			isa = PBXGroup;
			children = (
				C054C05C2196FF38000D450A /* main.cpp */,
			);
			path = ValidPalindrome;
			sourceTree = "<group>";
		};
		C0EC7F79219DC40B000123FC /* TwoSum */ = {
			isa = PBXGroup;
			children = (
				C0EC7F7A219DC40B000123FC /* main.cpp */,
			);
			path = TwoSum;
			sourceTree = "<group>";
		};
		C0EDEDEC219C6B010011365F /* LongestPalindromicSubsequence */ = {
			isa = PBXGroup;
			children = (
				C0EDEDED219C6B010011365F /* main.cpp */,
			);
			path = LongestPalindromicSubsequence;
			sourceTree = "<group>";
		};
		C0F01CC321985D9700D44459 /* LongestPalindromicSubstring */ = {
			isa = PBXGroup;
			children = (
				C0F01CC421985D9700D44459 /* main.cpp */,
			);
			path = LongestPalindromicSubstring;
			sourceTree = "<group>";
		};
		C0FDB22321A45D6F0083FD61 /* FastPower */ = {
			isa = PBXGroup;
			children = (
				C0FDB22421A45D6F0083FD61 /* main.cpp */,
			);
			path = FastPower;
			sourceTree = "<group>";
		};
		C0FEA52921A16E9A0071A686 /* MaximumNumberinMountainSequence */ = {
			isa = PBXGroup;
			children = (
				C0FEA52A21A16E9A0071A686 /* main.cpp */,
			);
			path = MaximumNumberinMountainSequence;
			sourceTree = "<group>";
		};
		C0FEA53421A1710A0071A686 /* FindKClosestElements */ = {
			isa = PBXGroup;
			children = (
				C0FEA53521A1710A0071A686 /* main.cpp */,
			);
			path = FindKClosestElements;
			sourceTree = "<group>";
		};
/* End PBXGroup section */

/* Begin PBXNativeTarget section */
		C0041103219F00FC00BB2D80 /* TwoSum-Differenceequalstotarget */ = {
			isa = PBXNativeTarget;
			buildConfigurationList = C004110A219F00FC00BB2D80 /* Build configuration list for PBXNativeTarget "TwoSum-Differenceequalstotarget" */;
			buildPhases = (
				C0041100219F00FC00BB2D80 /* Sources */,
				C0041101219F00FC00BB2D80 /* Frameworks */,
				C0041102219F00FC00BB2D80 /* CopyFiles */,
			);
			buildRules = (
			);
			dependencies = (
			);
			name = "TwoSum-Differenceequalstotarget";
			productName = "TwoSum-Differenceequalstotarget";
			productReference = C0041104219F00FC00BB2D80 /* TwoSum-Differenceequalstotarget */;
			productType = "com.apple.product-type.tool";
		};
		C004110E219F0B1100BB2D80 /* MiddleofLinkedList */ = {
			isa = PBXNativeTarget;
			buildConfigurationList = C0041113219F0B1100BB2D80 /* Build configuration list for PBXNativeTarget "MiddleofLinkedList" */;
			buildPhases = (
				C004110B219F0B1100BB2D80 /* Sources */,
				C004110C219F0B1100BB2D80 /* Frameworks */,
				C004110D219F0B1100BB2D80 /* CopyFiles */,
			);
			buildRules = (
			);
			dependencies = (
			);
			name = MiddleofLinkedList;
			productName = MiddleofLinkedList;
			productReference = C004110F219F0B1100BB2D80 /* MiddleofLinkedList */;
			productType = "com.apple.product-type.tool";
		};
		C00DFC9E21AACF3200E21FAF /* RainBowSort */ = {
			isa = PBXNativeTarget;
			buildConfigurationList = C00DFCA521AACF3200E21FAF /* Build configuration list for PBXNativeTarget "RainBowSort" */;
			buildPhases = (
				C00DFC9B21AACF3200E21FAF /* Sources */,
				C00DFC9C21AACF3200E21FAF /* Frameworks */,
				C00DFC9D21AACF3200E21FAF /* CopyFiles */,
			);
			buildRules = (
			);
			dependencies = (
			);
			name = RainBowSort;
			productName = RainBowSort;
			productReference = C00DFC9F21AACF3200E21FAF /* RainBowSort */;
			productType = "com.apple.product-type.tool";
		};
		C0162B0C2195B95B00B5B0D1 /* LintCode */ = {
			isa = PBXNativeTarget;
			buildConfigurationList = C0162B142195B95B00B5B0D1 /* Build configuration list for PBXNativeTarget "LintCode" */;
			buildPhases = (
				C0162B092195B95B00B5B0D1 /* Sources */,
				C0162B0A2195B95B00B5B0D1 /* Frameworks */,
				C0162B0B2195B95B00B5B0D1 /* CopyFiles */,
			);
			buildRules = (
			);
			dependencies = (
			);
			name = LintCode;
			productName = LintCode;
			productReference = C0162B0D2195B95B00B5B0D1 /* LintCode */;
			productType = "com.apple.product-type.tool";
		};
		C054C04E2196F933000D450A /* KMP */ = {
			isa = PBXNativeTarget;
			buildConfigurationList = C054C0552196F933000D450A /* Build configuration list for PBXNativeTarget "KMP" */;
			buildPhases = (
				C054C04B2196F933000D450A /* Sources */,
				C054C04C2196F933000D450A /* Frameworks */,
				C054C04D2196F933000D450A /* CopyFiles */,
			);
			buildRules = (
			);
			dependencies = (
			);
			name = KMP;
			productName = KMP;
			productReference = C054C04F2196F933000D450A /* KMP */;
			productType = "com.apple.product-type.tool";
		};
		C054C0592196FF38000D450A /* ValidPalindrome */ = {
			isa = PBXNativeTarget;
			buildConfigurationList = C054C05E2196FF38000D450A /* Build configuration list for PBXNativeTarget "ValidPalindrome" */;
			buildPhases = (
				C054C0562196FF38000D450A /* Sources */,
				C054C0572196FF38000D450A /* Frameworks */,
				C054C0582196FF38000D450A /* CopyFiles */,
			);
			buildRules = (
			);
			dependencies = (
			);
			name = ValidPalindrome;
			productName = ValidPalindrome;
			productReference = C054C05A2196FF38000D450A /* ValidPalindrome */;
			productType = "com.apple.product-type.tool";
		};
		C0EC7F77219DC40B000123FC /* TwoSum */ = {
			isa = PBXNativeTarget;
			buildConfigurationList = C0EC7F7E219DC40B000123FC /* Build configuration list for PBXNativeTarget "TwoSum" */;
			buildPhases = (
				C0EC7F74219DC40B000123FC /* Sources */,
				C0EC7F75219DC40B000123FC /* Frameworks */,
				C0EC7F76219DC40B000123FC /* CopyFiles */,
			);
			buildRules = (
			);
			dependencies = (
			);
			name = TwoSum;
			productName = TwoSum;
			productReference = C0EC7F78219DC40B000123FC /* TwoSum */;
			productType = "com.apple.product-type.tool";
		};
		C0EDEDEA219C6B010011365F /* LongestPalindromicSubsequence */ = {
			isa = PBXNativeTarget;
			buildConfigurationList = C0EDEDF1219C6B010011365F /* Build configuration list for PBXNativeTarget "LongestPalindromicSubsequence" */;
			buildPhases = (
				C0EDEDE7219C6B010011365F /* Sources */,
				C0EDEDE8219C6B010011365F /* Frameworks */,
				C0EDEDE9219C6B010011365F /* CopyFiles */,
			);
			buildRules = (
			);
			dependencies = (
			);
			name = LongestPalindromicSubsequence;
			productName = LongestPalindromicSubsequence;
			productReference = C0EDEDEB219C6B010011365F /* LongestPalindromicSubsequence */;
			productType = "com.apple.product-type.tool";
		};
		C0F01CC121985D9700D44459 /* LongestPalindromicSubstring */ = {
			isa = PBXNativeTarget;
			buildConfigurationList = C0F01CC821985D9700D44459 /* Build configuration list for PBXNativeTarget "LongestPalindromicSubstring" */;
			buildPhases = (
				C0F01CBE21985D9700D44459 /* Sources */,
				C0F01CBF21985D9700D44459 /* Frameworks */,
				C0F01CC021985D9700D44459 /* CopyFiles */,
			);
			buildRules = (
			);
			dependencies = (
			);
			name = LongestPalindromicSubstring;
			productName = LongestPalindromicSubstring;
			productReference = C0F01CC221985D9700D44459 /* LongestPalindromicSubstring */;
			productType = "com.apple.product-type.tool";
		};
		C0FDB22121A45D6F0083FD61 /* FastPower */ = {
			isa = PBXNativeTarget;
			buildConfigurationList = C0FDB22821A45D6F0083FD61 /* Build configuration list for PBXNativeTarget "FastPower" */;
			buildPhases = (
				C0FDB21E21A45D6F0083FD61 /* Sources */,
				C0FDB21F21A45D6F0083FD61 /* Frameworks */,
				C0FDB22021A45D6F0083FD61 /* CopyFiles */,
			);
			buildRules = (
			);
			dependencies = (
			);
			name = FastPower;
			productName = FastPower;
			productReference = C0FDB22221A45D6F0083FD61 /* FastPower */;
			productType = "com.apple.product-type.tool";
		};
		C0FEA52721A16E9A0071A686 /* MaximumNumberinMountainSequence */ = {
			isa = PBXNativeTarget;
			buildConfigurationList = C0FEA52E21A16E9A0071A686 /* Build configuration list for PBXNativeTarget "MaximumNumberinMountainSequence" */;
			buildPhases = (
				C0FEA52421A16E9A0071A686 /* Sources */,
				C0FEA52521A16E9A0071A686 /* Frameworks */,
				C0FEA52621A16E9A0071A686 /* CopyFiles */,
			);
			buildRules = (
			);
			dependencies = (
			);
			name = MaximumNumberinMountainSequence;
			productName = MaximumNumberinMountainSequence;
			productReference = C0FEA52821A16E9A0071A686 /* MaximumNumberinMountainSequence */;
			productType = "com.apple.product-type.tool";
		};
		C0FEA53221A1710A0071A686 /* FindKClosestElements */ = {
			isa = PBXNativeTarget;
			buildConfigurationList = C0FEA53721A1710A0071A686 /* Build configuration list for PBXNativeTarget "FindKClosestElements" */;
			buildPhases = (
				C0FEA52F21A1710A0071A686 /* Sources */,
				C0FEA53021A1710A0071A686 /* Frameworks */,
				C0FEA53121A1710A0071A686 /* CopyFiles */,
			);
			buildRules = (
			);
			dependencies = (
			);
			name = FindKClosestElements;
			productName = FindKClosestElements;
			productReference = C0FEA53321A1710A0071A686 /* FindKClosestElements */;
			productType = "com.apple.product-type.tool";
		};
/* End PBXNativeTarget section */

/* Begin PBXProject section */
		C0162B052195B95B00B5B0D1 /* Project object */ = {
			isa = PBXProject;
			attributes = {
				LastUpgradeCheck = 1010;
				ORGANIZATIONNAME = Shvier;
				TargetAttributes = {
					C0041103219F00FC00BB2D80 = {
						CreatedOnToolsVersion = 10.1;
					};
					C004110E219F0B1100BB2D80 = {
						CreatedOnToolsVersion = 10.1;
					};
					C00DFC9E21AACF3200E21FAF = {
						CreatedOnToolsVersion = 10.1;
					};
					C0162B0C2195B95B00B5B0D1 = {
						CreatedOnToolsVersion = 10.1;
					};
					C054C04E2196F933000D450A = {
						CreatedOnToolsVersion = 10.1;
					};
					C054C0592196FF38000D450A = {
						CreatedOnToolsVersion = 10.1;
					};
					C0EC7F77219DC40B000123FC = {
						CreatedOnToolsVersion = 10.1;
					};
					C0EDEDEA219C6B010011365F = {
						CreatedOnToolsVersion = 10.1;
					};
					C0F01CC121985D9700D44459 = {
						CreatedOnToolsVersion = 10.1;
					};
					C0FDB22121A45D6F0083FD61 = {
						CreatedOnToolsVersion = 10.1;
					};
					C0FEA52721A16E9A0071A686 = {
						CreatedOnToolsVersion = 10.1;
					};
					C0FEA53221A1710A0071A686 = {
						CreatedOnToolsVersion = 10.1;
					};
				};
			};
			buildConfigurationList = C0162B082195B95B00B5B0D1 /* Build configuration list for PBXProject "LintCode" */;
			compatibilityVersion = "Xcode 9.3";
			developmentRegion = en;
			hasScannedForEncodings = 0;
			knownRegions = (
				en,
			);
			mainGroup = C0162B042195B95B00B5B0D1;
			productRefGroup = C0162B0E2195B95B00B5B0D1 /* Products */;
			projectDirPath = "";
			projectRoot = "";
			targets = (
				C0162B0C2195B95B00B5B0D1 /* LintCode */,
				C054C04E2196F933000D450A /* KMP */,
				C054C0592196FF38000D450A /* ValidPalindrome */,
				C0F01CC121985D9700D44459 /* LongestPalindromicSubstring */,
				C0EDEDEA219C6B010011365F /* LongestPalindromicSubsequence */,
				C0EC7F77219DC40B000123FC /* TwoSum */,
				C0041103219F00FC00BB2D80 /* TwoSum-Differenceequalstotarget */,
				C004110E219F0B1100BB2D80 /* MiddleofLinkedList */,
				C0FEA52721A16E9A0071A686 /* MaximumNumberinMountainSequence */,
				C0FEA53221A1710A0071A686 /* FindKClosestElements */,
				C0FDB22121A45D6F0083FD61 /* FastPower */,
				C00DFC9E21AACF3200E21FAF /* RainBowSort */,
			);
		};
/* End PBXProject section */

/* Begin PBXSourcesBuildPhase section */
		C0041100219F00FC00BB2D80 /* Sources */ = {
			isa = PBXSourcesBuildPhase;
			buildActionMask = 2147483647;
			files = (
				C0041107219F00FC00BB2D80 /* main.cpp in Sources */,
			);
			runOnlyForDeploymentPostprocessing = 0;
		};
		C004110B219F0B1100BB2D80 /* Sources */ = {
			isa = PBXSourcesBuildPhase;
			buildActionMask = 2147483647;
			files = (
				C0041112219F0B1100BB2D80 /* main.cpp in Sources */,
			);
			runOnlyForDeploymentPostprocessing = 0;
		};
		C00DFC9B21AACF3200E21FAF /* Sources */ = {
			isa = PBXSourcesBuildPhase;
			buildActionMask = 2147483647;
			files = (
				C00DFCA221AACF3200E21FAF /* main.cpp in Sources */,
			);
			runOnlyForDeploymentPostprocessing = 0;
		};
		C0162B092195B95B00B5B0D1 /* Sources */ = {
			isa = PBXSourcesBuildPhase;
			buildActionMask = 2147483647;
			files = (
				C0162B112195B95B00B5B0D1 /* main.cpp in Sources */,
			);
			runOnlyForDeploymentPostprocessing = 0;
		};
		C054C04B2196F933000D450A /* Sources */ = {
			isa = PBXSourcesBuildPhase;
			buildActionMask = 2147483647;
			files = (
				C054C0522196F933000D450A /* main.cpp in Sources */,
			);
			runOnlyForDeploymentPostprocessing = 0;
		};
		C054C0562196FF38000D450A /* Sources */ = {
			isa = PBXSourcesBuildPhase;
			buildActionMask = 2147483647;
			files = (
				C054C05D2196FF38000D450A /* main.cpp in Sources */,
			);
			runOnlyForDeploymentPostprocessing = 0;
		};
		C0EC7F74219DC40B000123FC /* Sources */ = {
			isa = PBXSourcesBuildPhase;
			buildActionMask = 2147483647;
			files = (
				C0EC7F7B219DC40B000123FC /* main.cpp in Sources */,
			);
			runOnlyForDeploymentPostprocessing = 0;
		};
		C0EDEDE7219C6B010011365F /* Sources */ = {
			isa = PBXSourcesBuildPhase;
			buildActionMask = 2147483647;
			files = (
				C0EDEDEE219C6B010011365F /* main.cpp in Sources */,
			);
			runOnlyForDeploymentPostprocessing = 0;
		};
		C0F01CBE21985D9700D44459 /* Sources */ = {
			isa = PBXSourcesBuildPhase;
			buildActionMask = 2147483647;
			files = (
				C0F01CC521985D9700D44459 /* main.cpp in Sources */,
			);
			runOnlyForDeploymentPostprocessing = 0;
		};
		C0FDB21E21A45D6F0083FD61 /* Sources */ = {
			isa = PBXSourcesBuildPhase;
			buildActionMask = 2147483647;
			files = (
				C0FDB22521A45D6F0083FD61 /* main.cpp in Sources */,
			);
			runOnlyForDeploymentPostprocessing = 0;
		};
		C0FEA52421A16E9A0071A686 /* Sources */ = {
			isa = PBXSourcesBuildPhase;
			buildActionMask = 2147483647;
			files = (
				C0FEA52B21A16E9A0071A686 /* main.cpp in Sources */,
			);
			runOnlyForDeploymentPostprocessing = 0;
		};
		C0FEA52F21A1710A0071A686 /* Sources */ = {
			isa = PBXSourcesBuildPhase;
			buildActionMask = 2147483647;
			files = (
				C0FEA53621A1710A0071A686 /* main.cpp in Sources */,
			);
			runOnlyForDeploymentPostprocessing = 0;
		};
/* End PBXSourcesBuildPhase section */

/* Begin XCBuildConfiguration section */
		C0041108219F00FC00BB2D80 /* Debug */ = {
			isa = XCBuildConfiguration;
			buildSettings = {
				CODE_SIGN_STYLE = Automatic;
				DEVELOPMENT_TEAM = FQVA73S8GZ;
				PRODUCT_NAME = "$(TARGET_NAME)";
			};
			name = Debug;
		};
		C0041109219F00FC00BB2D80 /* Release */ = {
			isa = XCBuildConfiguration;
			buildSettings = {
				CODE_SIGN_STYLE = Automatic;
				DEVELOPMENT_TEAM = FQVA73S8GZ;
				PRODUCT_NAME = "$(TARGET_NAME)";
			};
			name = Release;
		};
		C0041114219F0B1100BB2D80 /* Debug */ = {
			isa = XCBuildConfiguration;
			buildSettings = {
				CODE_SIGN_STYLE = Automatic;
				DEVELOPMENT_TEAM = FQVA73S8GZ;
				PRODUCT_NAME = "$(TARGET_NAME)";
			};
			name = Debug;
		};
		C0041115219F0B1100BB2D80 /* Release */ = {
			isa = XCBuildConfiguration;
			buildSettings = {
				CODE_SIGN_STYLE = Automatic;
				DEVELOPMENT_TEAM = FQVA73S8GZ;
				PRODUCT_NAME = "$(TARGET_NAME)";
			};
			name = Release;
		};
		C00DFCA321AACF3200E21FAF /* Debug */ = {
			isa = XCBuildConfiguration;
			buildSettings = {
				CODE_SIGN_STYLE = Automatic;
				DEVELOPMENT_TEAM = FQVA73S8GZ;
				PRODUCT_NAME = "$(TARGET_NAME)";
			};
			name = Debug;
		};
		C00DFCA421AACF3200E21FAF /* Release */ = {
			isa = XCBuildConfiguration;
			buildSettings = {
				CODE_SIGN_STYLE = Automatic;
				DEVELOPMENT_TEAM = FQVA73S8GZ;
				PRODUCT_NAME = "$(TARGET_NAME)";
			};
			name = Release;
		};
		C0162B122195B95B00B5B0D1 /* Debug */ = {
			isa = XCBuildConfiguration;
			buildSettings = {
				ALWAYS_SEARCH_USER_PATHS = NO;
				CLANG_ANALYZER_NONNULL = YES;
				CLANG_ANALYZER_NUMBER_OBJECT_CONVERSION = YES_AGGRESSIVE;
				CLANG_CXX_LANGUAGE_STANDARD = "gnu++14";
				CLANG_CXX_LIBRARY = "libc++";
				CLANG_ENABLE_MODULES = YES;
				CLANG_ENABLE_OBJC_ARC = YES;
				CLANG_ENABLE_OBJC_WEAK = YES;
				CLANG_WARN_BLOCK_CAPTURE_AUTORELEASING = YES;
				CLANG_WARN_BOOL_CONVERSION = YES;
				CLANG_WARN_COMMA = YES;
				CLANG_WARN_CONSTANT_CONVERSION = YES;
				CLANG_WARN_DEPRECATED_OBJC_IMPLEMENTATIONS = YES;
				CLANG_WARN_DIRECT_OBJC_ISA_USAGE = YES_ERROR;
				CLANG_WARN_DOCUMENTATION_COMMENTS = YES;
				CLANG_WARN_EMPTY_BODY = YES;
				CLANG_WARN_ENUM_CONVERSION = YES;
				CLANG_WARN_INFINITE_RECURSION = YES;
				CLANG_WARN_INT_CONVERSION = YES;
				CLANG_WARN_NON_LITERAL_NULL_CONVERSION = YES;
				CLANG_WARN_OBJC_IMPLICIT_RETAIN_SELF = YES;
				CLANG_WARN_OBJC_LITERAL_CONVERSION = YES;
				CLANG_WARN_OBJC_ROOT_CLASS = YES_ERROR;
				CLANG_WARN_RANGE_LOOP_ANALYSIS = YES;
				CLANG_WARN_STRICT_PROTOTYPES = YES;
				CLANG_WARN_SUSPICIOUS_MOVE = YES;
				CLANG_WARN_UNGUARDED_AVAILABILITY = YES_AGGRESSIVE;
				CLANG_WARN_UNREACHABLE_CODE = YES;
				CLANG_WARN__DUPLICATE_METHOD_MATCH = YES;
				CODE_SIGN_IDENTITY = "Mac Developer";
				COPY_PHASE_STRIP = NO;
				DEBUG_INFORMATION_FORMAT = dwarf;
				ENABLE_STRICT_OBJC_MSGSEND = YES;
				ENABLE_TESTABILITY = YES;
				GCC_C_LANGUAGE_STANDARD = gnu11;
				GCC_DYNAMIC_NO_PIC = NO;
				GCC_NO_COMMON_BLOCKS = YES;
				GCC_OPTIMIZATION_LEVEL = 0;
				GCC_PREPROCESSOR_DEFINITIONS = (
					"DEBUG=1",
					"$(inherited)",
				);
				GCC_WARN_64_TO_32_BIT_CONVERSION = YES;
				GCC_WARN_ABOUT_RETURN_TYPE = YES_ERROR;
				GCC_WARN_UNDECLARED_SELECTOR = YES;
				GCC_WARN_UNINITIALIZED_AUTOS = YES_AGGRESSIVE;
				GCC_WARN_UNUSED_FUNCTION = YES;
				GCC_WARN_UNUSED_VARIABLE = YES;
				MACOSX_DEPLOYMENT_TARGET = 10.14;
				MTL_ENABLE_DEBUG_INFO = INCLUDE_SOURCE;
				MTL_FAST_MATH = YES;
				ONLY_ACTIVE_ARCH = YES;
				SDKROOT = macosx;
			};
			name = Debug;
		};
		C0162B132195B95B00B5B0D1 /* Release */ = {
			isa = XCBuildConfiguration;
			buildSettings = {
				ALWAYS_SEARCH_USER_PATHS = NO;
				CLANG_ANALYZER_NONNULL = YES;
				CLANG_ANALYZER_NUMBER_OBJECT_CONVERSION = YES_AGGRESSIVE;
				CLANG_CXX_LANGUAGE_STANDARD = "gnu++14";
				CLANG_CXX_LIBRARY = "libc++";
				CLANG_ENABLE_MODULES = YES;
				CLANG_ENABLE_OBJC_ARC = YES;
				CLANG_ENABLE_OBJC_WEAK = YES;
				CLANG_WARN_BLOCK_CAPTURE_AUTORELEASING = YES;
				CLANG_WARN_BOOL_CONVERSION = YES;
				CLANG_WARN_COMMA = YES;
				CLANG_WARN_CONSTANT_CONVERSION = YES;
				CLANG_WARN_DEPRECATED_OBJC_IMPLEMENTATIONS = YES;
				CLANG_WARN_DIRECT_OBJC_ISA_USAGE = YES_ERROR;
				CLANG_WARN_DOCUMENTATION_COMMENTS = YES;
				CLANG_WARN_EMPTY_BODY = YES;
				CLANG_WARN_ENUM_CONVERSION = YES;
				CLANG_WARN_INFINITE_RECURSION = YES;
				CLANG_WARN_INT_CONVERSION = YES;
				CLANG_WARN_NON_LITERAL_NULL_CONVERSION = YES;
				CLANG_WARN_OBJC_IMPLICIT_RETAIN_SELF = YES;
				CLANG_WARN_OBJC_LITERAL_CONVERSION = YES;
				CLANG_WARN_OBJC_ROOT_CLASS = YES_ERROR;
				CLANG_WARN_RANGE_LOOP_ANALYSIS = YES;
				CLANG_WARN_STRICT_PROTOTYPES = YES;
				CLANG_WARN_SUSPICIOUS_MOVE = YES;
				CLANG_WARN_UNGUARDED_AVAILABILITY = YES_AGGRESSIVE;
				CLANG_WARN_UNREACHABLE_CODE = YES;
				CLANG_WARN__DUPLICATE_METHOD_MATCH = YES;
				CODE_SIGN_IDENTITY = "Mac Developer";
				COPY_PHASE_STRIP = NO;
				DEBUG_INFORMATION_FORMAT = "dwarf-with-dsym";
				ENABLE_NS_ASSERTIONS = NO;
				ENABLE_STRICT_OBJC_MSGSEND = YES;
				GCC_C_LANGUAGE_STANDARD = gnu11;
				GCC_NO_COMMON_BLOCKS = YES;
				GCC_WARN_64_TO_32_BIT_CONVERSION = YES;
				GCC_WARN_ABOUT_RETURN_TYPE = YES_ERROR;
				GCC_WARN_UNDECLARED_SELECTOR = YES;
				GCC_WARN_UNINITIALIZED_AUTOS = YES_AGGRESSIVE;
				GCC_WARN_UNUSED_FUNCTION = YES;
				GCC_WARN_UNUSED_VARIABLE = YES;
				MACOSX_DEPLOYMENT_TARGET = 10.14;
				MTL_ENABLE_DEBUG_INFO = NO;
				MTL_FAST_MATH = YES;
				SDKROOT = macosx;
			};
			name = Release;
		};
		C0162B152195B95B00B5B0D1 /* Debug */ = {
			isa = XCBuildConfiguration;
			buildSettings = {
				CODE_SIGN_STYLE = Automatic;
				DEVELOPMENT_TEAM = FQVA73S8GZ;
				PRODUCT_NAME = "$(TARGET_NAME)";
			};
			name = Debug;
		};
		C0162B162195B95B00B5B0D1 /* Release */ = {
			isa = XCBuildConfiguration;
			buildSettings = {
				CODE_SIGN_STYLE = Automatic;
				DEVELOPMENT_TEAM = FQVA73S8GZ;
				PRODUCT_NAME = "$(TARGET_NAME)";
			};
			name = Release;
		};
		C054C0532196F933000D450A /* Debug */ = {
			isa = XCBuildConfiguration;
			buildSettings = {
				CODE_SIGN_STYLE = Automatic;
				DEVELOPMENT_TEAM = FQVA73S8GZ;
				PRODUCT_NAME = "$(TARGET_NAME)";
			};
			name = Debug;
		};
		C054C0542196F933000D450A /* Release */ = {
			isa = XCBuildConfiguration;
			buildSettings = {
				CODE_SIGN_STYLE = Automatic;
				DEVELOPMENT_TEAM = FQVA73S8GZ;
				PRODUCT_NAME = "$(TARGET_NAME)";
			};
			name = Release;
		};
		C054C05F2196FF38000D450A /* Debug */ = {
			isa = XCBuildConfiguration;
			buildSettings = {
				CODE_SIGN_STYLE = Automatic;
				DEVELOPMENT_TEAM = FQVA73S8GZ;
				PRODUCT_NAME = "$(TARGET_NAME)";
			};
			name = Debug;
		};
		C054C0602196FF38000D450A /* Release */ = {
			isa = XCBuildConfiguration;
			buildSettings = {
				CODE_SIGN_STYLE = Automatic;
				DEVELOPMENT_TEAM = FQVA73S8GZ;
				PRODUCT_NAME = "$(TARGET_NAME)";
			};
			name = Release;
		};
		C0EC7F7C219DC40B000123FC /* Debug */ = {
			isa = XCBuildConfiguration;
			buildSettings = {
				CODE_SIGN_STYLE = Automatic;
				DEVELOPMENT_TEAM = FQVA73S8GZ;
				PRODUCT_NAME = "$(TARGET_NAME)";
			};
			name = Debug;
		};
		C0EC7F7D219DC40B000123FC /* Release */ = {
			isa = XCBuildConfiguration;
			buildSettings = {
				CODE_SIGN_STYLE = Automatic;
				DEVELOPMENT_TEAM = FQVA73S8GZ;
				PRODUCT_NAME = "$(TARGET_NAME)";
			};
			name = Release;
		};
		C0EDEDEF219C6B010011365F /* Debug */ = {
			isa = XCBuildConfiguration;
			buildSettings = {
				CODE_SIGN_STYLE = Automatic;
				DEVELOPMENT_TEAM = FQVA73S8GZ;
				PRODUCT_NAME = "$(TARGET_NAME)";
			};
			name = Debug;
		};
		C0EDEDF0219C6B010011365F /* Release */ = {
			isa = XCBuildConfiguration;
			buildSettings = {
				CODE_SIGN_STYLE = Automatic;
				DEVELOPMENT_TEAM = FQVA73S8GZ;
				PRODUCT_NAME = "$(TARGET_NAME)";
			};
			name = Release;
		};
		C0F01CC621985D9700D44459 /* Debug */ = {
			isa = XCBuildConfiguration;
			buildSettings = {
				CODE_SIGN_STYLE = Automatic;
				DEVELOPMENT_TEAM = FQVA73S8GZ;
				PRODUCT_NAME = "$(TARGET_NAME)";
			};
			name = Debug;
		};
		C0F01CC721985D9700D44459 /* Release */ = {
			isa = XCBuildConfiguration;
			buildSettings = {
				CODE_SIGN_STYLE = Automatic;
				DEVELOPMENT_TEAM = FQVA73S8GZ;
				PRODUCT_NAME = "$(TARGET_NAME)";
			};
			name = Release;
		};
		C0FDB22621A45D6F0083FD61 /* Debug */ = {
			isa = XCBuildConfiguration;
			buildSettings = {
				CODE_SIGN_STYLE = Automatic;
				DEVELOPMENT_TEAM = FQVA73S8GZ;
				PRODUCT_NAME = "$(TARGET_NAME)";
			};
			name = Debug;
		};
		C0FDB22721A45D6F0083FD61 /* Release */ = {
			isa = XCBuildConfiguration;
			buildSettings = {
				CODE_SIGN_STYLE = Automatic;
				DEVELOPMENT_TEAM = FQVA73S8GZ;
				PRODUCT_NAME = "$(TARGET_NAME)";
			};
			name = Release;
		};
		C0FEA52C21A16E9A0071A686 /* Debug */ = {
			isa = XCBuildConfiguration;
			buildSettings = {
				CODE_SIGN_STYLE = Automatic;
				DEVELOPMENT_TEAM = FQVA73S8GZ;
				PRODUCT_NAME = "$(TARGET_NAME)";
			};
			name = Debug;
		};
		C0FEA52D21A16E9A0071A686 /* Release */ = {
			isa = XCBuildConfiguration;
			buildSettings = {
				CODE_SIGN_STYLE = Automatic;
				DEVELOPMENT_TEAM = FQVA73S8GZ;
				PRODUCT_NAME = "$(TARGET_NAME)";
			};
			name = Release;
		};
		C0FEA53821A1710A0071A686 /* Debug */ = {
			isa = XCBuildConfiguration;
			buildSettings = {
				CODE_SIGN_STYLE = Automatic;
				DEVELOPMENT_TEAM = FQVA73S8GZ;
				PRODUCT_NAME = "$(TARGET_NAME)";
			};
			name = Debug;
		};
		C0FEA53921A1710A0071A686 /* Release */ = {
			isa = XCBuildConfiguration;
			buildSettings = {
				CODE_SIGN_STYLE = Automatic;
				DEVELOPMENT_TEAM = FQVA73S8GZ;
				PRODUCT_NAME = "$(TARGET_NAME)";
			};
			name = Release;
		};
/* End XCBuildConfiguration section */

/* Begin XCConfigurationList section */
		C004110A219F00FC00BB2D80 /* Build configuration list for PBXNativeTarget "TwoSum-Differenceequalstotarget" */ = {
			isa = XCConfigurationList;
			buildConfigurations = (
				C0041108219F00FC00BB2D80 /* Debug */,
				C0041109219F00FC00BB2D80 /* Release */,
			);
			defaultConfigurationIsVisible = 0;
			defaultConfigurationName = Release;
		};
		C0041113219F0B1100BB2D80 /* Build configuration list for PBXNativeTarget "MiddleofLinkedList" */ = {
			isa = XCConfigurationList;
			buildConfigurations = (
				C0041114219F0B1100BB2D80 /* Debug */,
				C0041115219F0B1100BB2D80 /* Release */,
			);
			defaultConfigurationIsVisible = 0;
			defaultConfigurationName = Release;
		};
		C00DFCA521AACF3200E21FAF /* Build configuration list for PBXNativeTarget "RainBowSort" */ = {
			isa = XCConfigurationList;
			buildConfigurations = (
				C00DFCA321AACF3200E21FAF /* Debug */,
				C00DFCA421AACF3200E21FAF /* Release */,
			);
			defaultConfigurationIsVisible = 0;
			defaultConfigurationName = Release;
		};
		C0162B082195B95B00B5B0D1 /* Build configuration list for PBXProject "LintCode" */ = {
			isa = XCConfigurationList;
			buildConfigurations = (
				C0162B122195B95B00B5B0D1 /* Debug */,
				C0162B132195B95B00B5B0D1 /* Release */,
			);
			defaultConfigurationIsVisible = 0;
			defaultConfigurationName = Release;
		};
		C0162B142195B95B00B5B0D1 /* Build configuration list for PBXNativeTarget "LintCode" */ = {
			isa = XCConfigurationList;
			buildConfigurations = (
				C0162B152195B95B00B5B0D1 /* Debug */,
				C0162B162195B95B00B5B0D1 /* Release */,
			);
			defaultConfigurationIsVisible = 0;
			defaultConfigurationName = Release;
		};
		C054C0552196F933000D450A /* Build configuration list for PBXNativeTarget "KMP" */ = {
			isa = XCConfigurationList;
			buildConfigurations = (
				C054C0532196F933000D450A /* Debug */,
				C054C0542196F933000D450A /* Release */,
			);
			defaultConfigurationIsVisible = 0;
			defaultConfigurationName = Release;
		};
		C054C05E2196FF38000D450A /* Build configuration list for PBXNativeTarget "ValidPalindrome" */ = {
			isa = XCConfigurationList;
			buildConfigurations = (
				C054C05F2196FF38000D450A /* Debug */,
				C054C0602196FF38000D450A /* Release */,
			);
			defaultConfigurationIsVisible = 0;
			defaultConfigurationName = Release;
		};
		C0EC7F7E219DC40B000123FC /* Build configuration list for PBXNativeTarget "TwoSum" */ = {
			isa = XCConfigurationList;
			buildConfigurations = (
				C0EC7F7C219DC40B000123FC /* Debug */,
				C0EC7F7D219DC40B000123FC /* Release */,
			);
			defaultConfigurationIsVisible = 0;
			defaultConfigurationName = Release;
		};
		C0EDEDF1219C6B010011365F /* Build configuration list for PBXNativeTarget "LongestPalindromicSubsequence" */ = {
			isa = XCConfigurationList;
			buildConfigurations = (
				C0EDEDEF219C6B010011365F /* Debug */,
				C0EDEDF0219C6B010011365F /* Release */,
			);
			defaultConfigurationIsVisible = 0;
			defaultConfigurationName = Release;
		};
		C0F01CC821985D9700D44459 /* Build configuration list for PBXNativeTarget "LongestPalindromicSubstring" */ = {
			isa = XCConfigurationList;
			buildConfigurations = (
				C0F01CC621985D9700D44459 /* Debug */,
				C0F01CC721985D9700D44459 /* Release */,
			);
			defaultConfigurationIsVisible = 0;
			defaultConfigurationName = Release;
		};
		C0FDB22821A45D6F0083FD61 /* Build configuration list for PBXNativeTarget "FastPower" */ = {
			isa = XCConfigurationList;
			buildConfigurations = (
				C0FDB22621A45D6F0083FD61 /* Debug */,
				C0FDB22721A45D6F0083FD61 /* Release */,
			);
			defaultConfigurationIsVisible = 0;
			defaultConfigurationName = Release;
		};
		C0FEA52E21A16E9A0071A686 /* Build configuration list for PBXNativeTarget "MaximumNumberinMountainSequence" */ = {
			isa = XCConfigurationList;
			buildConfigurations = (
				C0FEA52C21A16E9A0071A686 /* Debug */,
				C0FEA52D21A16E9A0071A686 /* Release */,
			);
			defaultConfigurationIsVisible = 0;
			defaultConfigurationName = Release;
		};
		C0FEA53721A1710A0071A686 /* Build configuration list for PBXNativeTarget "FindKClosestElements" */ = {
			isa = XCConfigurationList;
			buildConfigurations = (
				C0FEA53821A1710A0071A686 /* Debug */,
				C0FEA53921A1710A0071A686 /* Release */,
			);
			defaultConfigurationIsVisible = 0;
			defaultConfigurationName = Release;
		};
/* End XCConfigurationList section */
	};
	rootObject = C0162B052195B95B00B5B0D1 /* Project object */;
}
